
Microsoft Visual Studio Solution File, Format Version 12.00
# Visual Studio 14
VisualStudioVersion = 14.0.25420.1
MinimumVisualStudioVersion = 10.0.40219.1
Project("{2150E333-8FDC-42A3-9474-1A3956D46DE8}") = ".nuget", ".nuget", "{8777C9F1-7DC4-4389-8F2F-AAC0AB8EFED7}"
	ProjectSection(SolutionItems) = preProject
		.nuget\EVE.Mvc.0.5.3.nuspec = .nuget\EVE.Mvc.0.5.3.nuspec
		.nuget\NuGet.Config = .nuget\NuGet.Config
		.nuget\NuGet.exe = .nuget\NuGet.exe
		.nuget\NuGet.targets = .nuget\NuGet.targets
		.nuget\package.bat = .nuget\package.bat
	EndProjectSection
EndProject
Project("{FAE04EC0-301F-11D3-BF4B-00C04F79EFBC}") = "EVE.Mvc.Samples.ViewEngine", "EVE.Mvc.Samples.ViewEngine\EVE.Mvc.Samples.ViewEngine.csproj", "{09B9B1D1-C8B1-41E5-8703-45607DCF10B1}"
EndProject
Project("{FAE04EC0-301F-11D3-BF4B-00C04F79EFBC}") = "EVE.Mvc", "EVE.Mvc\EVE.Mvc.csproj", "{03653281-A77E-463E-B24A-9763D59007A5}"
EndProject
Project("{FAE04EC0-301F-11D3-BF4B-00C04F79EFBC}") = "EVE.Mvc.TestWebApp", "EVE.Mvc.TestWebApp\EVE.Mvc.TestWebApp.csproj", "{55E28C99-C032-4E6B-902A-778DCEBDE328}"
EndProject
Project("{FAE04EC0-301F-11D3-BF4B-00C04F79EFBC}") = "EVE.Mvc.Samples.Embedded", "EVE.Mvc.Samples.Embedded\EVE.Mvc.Samples.Embedded.csproj", "{5C0855AC-8408-4D5F-B148-AF50C77095B4}"
EndProject
Project("{FAE04EC0-301F-11D3-BF4B-00C04F79EFBC}") = "EVE.Mvc.Providers", "EVE.Mvc.Providers\EVE.Mvc.Providers.csproj", "{691F4600-121B-48C0-A221-E744C3FE4F69}"
EndProject
Project("{FAE04EC0-301F-11D3-BF4B-00C04F79EFBC}") = "EVE.Mvc.Shared", "EVE.Mvc.View\EVE.Mvc.Shared.csproj", "{0AABAB37-A6E7-430C-A7BE-838E83F28839}"
EndProject
Project("{2150E333-8FDC-42A3-9474-1A3956D46DE8}") = "lib", "lib", "{3A00BFF4-549C-490F-AAB6-CEFA92C35A15}"
EndProject
Project("{FAE04EC0-301F-11D3-BF4B-00C04F79EFBC}") = "EVE.Mvc.MEF", "EVE.Mvc.MEF\EVE.Mvc.MEF.csproj", "{5B6687F9-96A1-40FA-B812-2E5581870970}"
EndProject
Project("{FAE04EC0-301F-11D3-BF4B-00C04F79EFBC}") = "EVE.Mvc.Processor", "EVE.Mvc.Processor\EVE.Mvc.Processor.csproj", "{A1FB1F6D-C069-4E2D-A2BD-C3444CFA5351}"
EndProject
Project("{FAE04EC0-301F-11D3-BF4B-00C04F79EFBC}") = "EVE.Mvc.HtmlAgility", "EVE.Mvc.HtmlAgility\EVE.Mvc.HtmlAgility.csproj", "{01F4EB41-76DA-4436-8CDF-AE8E1B2357C2}"
EndProject
Project("{FAE04EC0-301F-11D3-BF4B-00C04F79EFBC}") = "EVE.Mvc.Plugin", "EVE.Mvc.Plugin\EVE.Mvc.Plugin.csproj", "{2BFD3D78-00D7-4A79-BE81-6BB3288F9950}"
EndProject
Project("{FAE04EC0-301F-11D3-BF4B-00C04F79EFBC}") = "EVE.MVC.Xml", "EVE.MVC.Xml\EVE.MVC.Xml.csproj", "{5C25C31B-F452-4331-BBF8-2BF52FA30EC3}"
EndProject
Project("{FAE04EC0-301F-11D3-BF4B-00C04F79EFBC}") = "EVE.Mvc.Autofac", "EVE.Mvc.Autofac\EVE.Mvc.Autofac.csproj", "{5BE1FD75-94F8-48D3-9F45-6C38BD894440}"
EndProject
Global
	GlobalSection(SolutionConfigurationPlatforms) = preSolution
		Debug|Any CPU = Debug|Any CPU
		Release|Any CPU = Release|Any CPU
	EndGlobalSection
	GlobalSection(ProjectConfigurationPlatforms) = postSolution
		{09B9B1D1-C8B1-41E5-8703-45607DCF10B1}.Debug|Any CPU.ActiveCfg = Debug|Any CPU
		{09B9B1D1-C8B1-41E5-8703-45607DCF10B1}.Debug|Any CPU.Build.0 = Debug|Any CPU
		{09B9B1D1-C8B1-41E5-8703-45607DCF10B1}.Release|Any CPU.ActiveCfg = Release|Any CPU
		{09B9B1D1-C8B1-41E5-8703-45607DCF10B1}.Release|Any CPU.Build.0 = Release|Any CPU
		{03653281-A77E-463E-B24A-9763D59007A5}.Debug|Any CPU.ActiveCfg = Debug|Any CPU
		{03653281-A77E-463E-B24A-9763D59007A5}.Debug|Any CPU.Build.0 = Debug|Any CPU
		{03653281-A77E-463E-B24A-9763D59007A5}.Release|Any CPU.ActiveCfg = Release|Any CPU
		{03653281-A77E-463E-B24A-9763D59007A5}.Release|Any CPU.Build.0 = Release|Any CPU
		{55E28C99-C032-4E6B-902A-778DCEBDE328}.Debug|Any CPU.ActiveCfg = Debug|Any CPU
		{55E28C99-C032-4E6B-902A-778DCEBDE328}.Debug|Any CPU.Build.0 = Debug|Any CPU
		{55E28C99-C032-4E6B-902A-778DCEBDE328}.Release|Any CPU.ActiveCfg = Release|Any CPU
		{55E28C99-C032-4E6B-902A-778DCEBDE328}.Release|Any CPU.Build.0 = Release|Any CPU
		{5C0855AC-8408-4D5F-B148-AF50C77095B4}.Debug|Any CPU.ActiveCfg = Debug|Any CPU
		{5C0855AC-8408-4D5F-B148-AF50C77095B4}.Debug|Any CPU.Build.0 = Debug|Any CPU
		{5C0855AC-8408-4D5F-B148-AF50C77095B4}.Release|Any CPU.ActiveCfg = Release|Any CPU
		{5C0855AC-8408-4D5F-B148-AF50C77095B4}.Release|Any CPU.Build.0 = Release|Any CPU
		{691F4600-121B-48C0-A221-E744C3FE4F69}.Debug|Any CPU.ActiveCfg = Debug|Any CPU
		{691F4600-121B-48C0-A221-E744C3FE4F69}.Debug|Any CPU.Build.0 = Debug|Any CPU
		{691F4600-121B-48C0-A221-E744C3FE4F69}.Release|Any CPU.ActiveCfg = Release|Any CPU
		{691F4600-121B-48C0-A221-E744C3FE4F69}.Release|Any CPU.Build.0 = Release|Any CPU
		{0AABAB37-A6E7-430C-A7BE-838E83F28839}.Debug|Any CPU.ActiveCfg = Debug|Any CPU
		{0AABAB37-A6E7-430C-A7BE-838E83F28839}.Debug|Any CPU.Build.0 = Debug|Any CPU
		{0AABAB37-A6E7-430C-A7BE-838E83F28839}.Release|Any CPU.ActiveCfg = Release|Any CPU
		{0AABAB37-A6E7-430C-A7BE-838E83F28839}.Release|Any CPU.Build.0 = Release|Any CPU
		{5B6687F9-96A1-40FA-B812-2E5581870970}.Debug|Any CPU.ActiveCfg = Debug|Any CPU
		{5B6687F9-96A1-40FA-B812-2E5581870970}.Debug|Any CPU.Build.0 = Debug|Any CPU
		{5B6687F9-96A1-40FA-B812-2E5581870970}.Release|Any CPU.ActiveCfg = Release|Any CPU
		{5B6687F9-96A1-40FA-B812-2E5581870970}.Release|Any CPU.Build.0 = Release|Any CPU
		{A1FB1F6D-C069-4E2D-A2BD-C3444CFA5351}.Debug|Any CPU.ActiveCfg = Debug|Any CPU
		{A1FB1F6D-C069-4E2D-A2BD-C3444CFA5351}.Debug|Any CPU.Build.0 = Debug|Any CPU
		{A1FB1F6D-C069-4E2D-A2BD-C3444CFA5351}.Release|Any CPU.ActiveCfg = Release|Any CPU
		{A1FB1F6D-C069-4E2D-A2BD-C3444CFA5351}.Release|Any CPU.Build.0 = Release|Any CPU
		{01F4EB41-76DA-4436-8CDF-AE8E1B2357C2}.Debug|Any CPU.ActiveCfg = Debug|Any CPU
		{01F4EB41-76DA-4436-8CDF-AE8E1B2357C2}.Debug|Any CPU.Build.0 = Debug|Any CPU
		{01F4EB41-76DA-4436-8CDF-AE8E1B2357C2}.Release|Any CPU.ActiveCfg = Release|Any CPU
		{01F4EB41-76DA-4436-8CDF-AE8E1B2357C2}.Release|Any CPU.Build.0 = Release|Any CPU
		{2BFD3D78-00D7-4A79-BE81-6BB3288F9950}.Debug|Any CPU.ActiveCfg = Debug|Any CPU
		{2BFD3D78-00D7-4A79-BE81-6BB3288F9950}.Debug|Any CPU.Build.0 = Debug|Any CPU
		{2BFD3D78-00D7-4A79-BE81-6BB3288F9950}.Release|Any CPU.ActiveCfg = Release|Any CPU
		{2BFD3D78-00D7-4A79-BE81-6BB3288F9950}.Release|Any CPU.Build.0 = Release|Any CPU
		{5C25C31B-F452-4331-BBF8-2BF52FA30EC3}.Debug|Any CPU.ActiveCfg = Debug|Any CPU
		{5C25C31B-F452-4331-BBF8-2BF52FA30EC3}.Debug|Any CPU.Build.0 = Debug|Any CPU
		{5C25C31B-F452-4331-BBF8-2BF52FA30EC3}.Release|Any CPU.ActiveCfg = Release|Any CPU
		{5C25C31B-F452-4331-BBF8-2BF52FA30EC3}.Release|Any CPU.Build.0 = Release|Any CPU
		{5BE1FD75-94F8-48D3-9F45-6C38BD894440}.Debug|Any CPU.ActiveCfg = Debug|Any CPU
		{5BE1FD75-94F8-48D3-9F45-6C38BD894440}.Debug|Any CPU.Build.0 = Debug|Any CPU
		{5BE1FD75-94F8-48D3-9F45-6C38BD894440}.Release|Any CPU.ActiveCfg = Release|Any CPU
		{5BE1FD75-94F8-48D3-9F45-6C38BD894440}.Release|Any CPU.Build.0 = Release|Any CPU
	EndGlobalSection
	GlobalSection(SolutionProperties) = preSolution
		HideSolutionNode = FALSE
	EndGlobalSection
	GlobalSection(NestedProjects) = preSolution
		{03653281-A77E-463E-B24A-9763D59007A5} = {3A00BFF4-549C-490F-AAB6-CEFA92C35A15}
		{691F4600-121B-48C0-A221-E744C3FE4F69} = {3A00BFF4-549C-490F-AAB6-CEFA92C35A15}
		{0AABAB37-A6E7-430C-A7BE-838E83F28839} = {3A00BFF4-549C-490F-AAB6-CEFA92C35A15}
		{5B6687F9-96A1-40FA-B812-2E5581870970} = {3A00BFF4-549C-490F-AAB6-CEFA92C35A15}
		{A1FB1F6D-C069-4E2D-A2BD-C3444CFA5351} = {3A00BFF4-549C-490F-AAB6-CEFA92C35A15}
		{01F4EB41-76DA-4436-8CDF-AE8E1B2357C2} = {3A00BFF4-549C-490F-AAB6-CEFA92C35A15}
		{2BFD3D78-00D7-4A79-BE81-6BB3288F9950} = {3A00BFF4-549C-490F-AAB6-CEFA92C35A15}
		{5C25C31B-F452-4331-BBF8-2BF52FA30EC3} = {3A00BFF4-549C-490F-AAB6-CEFA92C35A15}
		{5BE1FD75-94F8-48D3-9F45-6C38BD894440} = {3A00BFF4-549C-490F-AAB6-CEFA92C35A15}
	EndGlobalSection
EndGlobal
