
Microsoft Visual Studio Solution File, Format Version 12.00
# Visual Studio 14
VisualStudioVersion = 14.0.25420.1
MinimumVisualStudioVersion = 10.0.40219.1
Project("{2150E333-8FDC-42A3-9474-1A3956D46DE8}") = "Lib", "Lib", "{AB6822AE-A9B1-4DF5-B3FA-6996F70DBE56}"
EndProject
Project("{8BB2217D-0F2D-49D1-97BC-3654ED321F3B}") = "EV5.Mvc.TestWebApp", "EV5.Mvc.TestWebApp\EV5.Mvc.TestWebApp.xproj", "{7F19E1CF-3680-4FD8-9A45-2832D0F0C0B4}"
EndProject
Project("{8BB2217D-0F2D-49D1-97BC-3654ED321F3B}") = "EV5.Mvc.Samples.ViewEngine", "EV5.Mvc.Samples.ViewEngine\EV5.Mvc.Samples.ViewEngine.xproj", "{43DE54A3-4150-4966-AA9C-5D7ED42200F7}"
EndProject
Project("{8BB2217D-0F2D-49D1-97BC-3654ED321F3B}") = "EV5.Mvc.Samples.Embedded", "EV5.Mvc.Samples.Embedded\EV5.Mvc.Samples.Embedded.xproj", "{8A8A4A95-3483-4BAD-B263-0B84380E6435}"
EndProject
Project("{8BB2217D-0F2D-49D1-97BC-3654ED321F3B}") = "EV5.Mvc", "EV5.Mvc\EV5.Mvc.xproj", "{33993FD1-DB4E-417E-BDBF-57A217354F94}"
EndProject
Project("{8BB2217D-0F2D-49D1-97BC-3654ED321F3B}") = "EV5.Mvc.Autofac", "EV5.Mvc.Autofac\EV5.Mvc.Autofac.xproj", "{A54FB058-3513-4F78-A5DE-B16C6AC31E1B}"
EndProject
Project("{8BB2217D-0F2D-49D1-97BC-3654ED321F3B}") = "EV5.Mvc.MEF", "EV5.Mvc.MEF\EV5.Mvc.MEF.xproj", "{30044F98-5689-47C1-9808-7B8C84D9B34F}"
EndProject
Project("{8BB2217D-0F2D-49D1-97BC-3654ED321F3B}") = "EV5.Mvc.Plugin", "EV5.Mvc.Plugin\EV5.Mvc.Plugin.xproj", "{F6BF4E28-9DD9-41BC-8AD4-E9421260F948}"
EndProject
Project("{8BB2217D-0F2D-49D1-97BC-3654ED321F3B}") = "EV5.Mvc.Processor", "EV5.Mvc.Processor\EV5.Mvc.Processor.xproj", "{C9D20164-7F67-4E65-9925-CE7F1B93AFC9}"
EndProject
Project("{8BB2217D-0F2D-49D1-97BC-3654ED321F3B}") = "EV5.Mvc.Providers", "EV5.Mvc.Providers\EV5.Mvc.Providers.xproj", "{FDE2BA00-88AA-434D-8F1E-8CD020354D93}"
EndProject
Project("{8BB2217D-0F2D-49D1-97BC-3654ED321F3B}") = "EV5.Mvc.Shared", "EV5.Mvc.Shared\EV5.Mvc.Shared.xproj", "{620B2358-1313-4A6E-8A05-4C14ECCC8566}"
EndProject
Project("{8BB2217D-0F2D-49D1-97BC-3654ED321F3B}") = "EV5.MVC.Xml", "EV5.MVC.Xml\EV5.MVC.Xml.xproj", "{30574D12-D5E2-4CA9-9608-E030F728595E}"
EndProject
Project("{8BB2217D-0F2D-49D1-97BC-3654ED321F3B}") = "EV5.Mvc.HtmlAgility", "EV5.Mvc.HtmlAgility\EV5.Mvc.HtmlAgility.xproj", "{60361D07-E4FB-436A-8B73-56976F7E0EEA}"
EndProject
Global
	GlobalSection(SolutionConfigurationPlatforms) = preSolution
		Debug|Any CPU = Debug|Any CPU
		Release|Any CPU = Release|Any CPU
	EndGlobalSection
	GlobalSection(ProjectConfigurationPlatforms) = postSolution
		{7F19E1CF-3680-4FD8-9A45-2832D0F0C0B4}.Debug|Any CPU.ActiveCfg = Debug|Any CPU
		{7F19E1CF-3680-4FD8-9A45-2832D0F0C0B4}.Debug|Any CPU.Build.0 = Debug|Any CPU
		{7F19E1CF-3680-4FD8-9A45-2832D0F0C0B4}.Release|Any CPU.ActiveCfg = Release|Any CPU
		{7F19E1CF-3680-4FD8-9A45-2832D0F0C0B4}.Release|Any CPU.Build.0 = Release|Any CPU
		{43DE54A3-4150-4966-AA9C-5D7ED42200F7}.Debug|Any CPU.ActiveCfg = Debug|Any CPU
		{43DE54A3-4150-4966-AA9C-5D7ED42200F7}.Debug|Any CPU.Build.0 = Debug|Any CPU
		{43DE54A3-4150-4966-AA9C-5D7ED42200F7}.Release|Any CPU.ActiveCfg = Release|Any CPU
		{43DE54A3-4150-4966-AA9C-5D7ED42200F7}.Release|Any CPU.Build.0 = Release|Any CPU
		{8A8A4A95-3483-4BAD-B263-0B84380E6435}.Debug|Any CPU.ActiveCfg = Debug|Any CPU
		{8A8A4A95-3483-4BAD-B263-0B84380E6435}.Debug|Any CPU.Build.0 = Debug|Any CPU
		{8A8A4A95-3483-4BAD-B263-0B84380E6435}.Release|Any CPU.ActiveCfg = Release|Any CPU
		{8A8A4A95-3483-4BAD-B263-0B84380E6435}.Release|Any CPU.Build.0 = Release|Any CPU
		{33993FD1-DB4E-417E-BDBF-57A217354F94}.Debug|Any CPU.ActiveCfg = Debug|Any CPU
		{33993FD1-DB4E-417E-BDBF-57A217354F94}.Debug|Any CPU.Build.0 = Debug|Any CPU
		{33993FD1-DB4E-417E-BDBF-57A217354F94}.Release|Any CPU.ActiveCfg = Release|Any CPU
		{33993FD1-DB4E-417E-BDBF-57A217354F94}.Release|Any CPU.Build.0 = Release|Any CPU
		{A54FB058-3513-4F78-A5DE-B16C6AC31E1B}.Debug|Any CPU.ActiveCfg = Debug|Any CPU
		{A54FB058-3513-4F78-A5DE-B16C6AC31E1B}.Debug|Any CPU.Build.0 = Debug|Any CPU
		{A54FB058-3513-4F78-A5DE-B16C6AC31E1B}.Release|Any CPU.ActiveCfg = Release|Any CPU
		{A54FB058-3513-4F78-A5DE-B16C6AC31E1B}.Release|Any CPU.Build.0 = Release|Any CPU
		{30044F98-5689-47C1-9808-7B8C84D9B34F}.Debug|Any CPU.ActiveCfg = Debug|Any CPU
		{30044F98-5689-47C1-9808-7B8C84D9B34F}.Debug|Any CPU.Build.0 = Debug|Any CPU
		{30044F98-5689-47C1-9808-7B8C84D9B34F}.Release|Any CPU.ActiveCfg = Release|Any CPU
		{30044F98-5689-47C1-9808-7B8C84D9B34F}.Release|Any CPU.Build.0 = Release|Any CPU
		{F6BF4E28-9DD9-41BC-8AD4-E9421260F948}.Debug|Any CPU.ActiveCfg = Debug|Any CPU
		{F6BF4E28-9DD9-41BC-8AD4-E9421260F948}.Debug|Any CPU.Build.0 = Debug|Any CPU
		{F6BF4E28-9DD9-41BC-8AD4-E9421260F948}.Release|Any CPU.ActiveCfg = Release|Any CPU
		{F6BF4E28-9DD9-41BC-8AD4-E9421260F948}.Release|Any CPU.Build.0 = Release|Any CPU
		{C9D20164-7F67-4E65-9925-CE7F1B93AFC9}.Debug|Any CPU.ActiveCfg = Debug|Any CPU
		{C9D20164-7F67-4E65-9925-CE7F1B93AFC9}.Debug|Any CPU.Build.0 = Debug|Any CPU
		{C9D20164-7F67-4E65-9925-CE7F1B93AFC9}.Release|Any CPU.ActiveCfg = Release|Any CPU
		{C9D20164-7F67-4E65-9925-CE7F1B93AFC9}.Release|Any CPU.Build.0 = Release|Any CPU
		{FDE2BA00-88AA-434D-8F1E-8CD020354D93}.Debug|Any CPU.ActiveCfg = Debug|Any CPU
		{FDE2BA00-88AA-434D-8F1E-8CD020354D93}.Debug|Any CPU.Build.0 = Debug|Any CPU
		{FDE2BA00-88AA-434D-8F1E-8CD020354D93}.Release|Any CPU.ActiveCfg = Release|Any CPU
		{FDE2BA00-88AA-434D-8F1E-8CD020354D93}.Release|Any CPU.Build.0 = Release|Any CPU
		{620B2358-1313-4A6E-8A05-4C14ECCC8566}.Debug|Any CPU.ActiveCfg = Debug|Any CPU
		{620B2358-1313-4A6E-8A05-4C14ECCC8566}.Debug|Any CPU.Build.0 = Debug|Any CPU
		{620B2358-1313-4A6E-8A05-4C14ECCC8566}.Release|Any CPU.ActiveCfg = Release|Any CPU
		{620B2358-1313-4A6E-8A05-4C14ECCC8566}.Release|Any CPU.Build.0 = Release|Any CPU
		{30574D12-D5E2-4CA9-9608-E030F728595E}.Debug|Any CPU.ActiveCfg = Debug|Any CPU
		{30574D12-D5E2-4CA9-9608-E030F728595E}.Debug|Any CPU.Build.0 = Debug|Any CPU
		{30574D12-D5E2-4CA9-9608-E030F728595E}.Release|Any CPU.ActiveCfg = Release|Any CPU
		{30574D12-D5E2-4CA9-9608-E030F728595E}.Release|Any CPU.Build.0 = Release|Any CPU
		{60361D07-E4FB-436A-8B73-56976F7E0EEA}.Debug|Any CPU.ActiveCfg = Debug|Any CPU
		{60361D07-E4FB-436A-8B73-56976F7E0EEA}.Debug|Any CPU.Build.0 = Debug|Any CPU
		{60361D07-E4FB-436A-8B73-56976F7E0EEA}.Release|Any CPU.ActiveCfg = Release|Any CPU
		{60361D07-E4FB-436A-8B73-56976F7E0EEA}.Release|Any CPU.Build.0 = Release|Any CPU
	EndGlobalSection
	GlobalSection(SolutionProperties) = preSolution
		HideSolutionNode = FALSE
	EndGlobalSection
	GlobalSection(NestedProjects) = preSolution
		{33993FD1-DB4E-417E-BDBF-57A217354F94} = {AB6822AE-A9B1-4DF5-B3FA-6996F70DBE56}
		{A54FB058-3513-4F78-A5DE-B16C6AC31E1B} = {AB6822AE-A9B1-4DF5-B3FA-6996F70DBE56}
		{30044F98-5689-47C1-9808-7B8C84D9B34F} = {AB6822AE-A9B1-4DF5-B3FA-6996F70DBE56}
		{F6BF4E28-9DD9-41BC-8AD4-E9421260F948} = {AB6822AE-A9B1-4DF5-B3FA-6996F70DBE56}
		{C9D20164-7F67-4E65-9925-CE7F1B93AFC9} = {AB6822AE-A9B1-4DF5-B3FA-6996F70DBE56}
		{FDE2BA00-88AA-434D-8F1E-8CD020354D93} = {AB6822AE-A9B1-4DF5-B3FA-6996F70DBE56}
		{620B2358-1313-4A6E-8A05-4C14ECCC8566} = {AB6822AE-A9B1-4DF5-B3FA-6996F70DBE56}
		{30574D12-D5E2-4CA9-9608-E030F728595E} = {AB6822AE-A9B1-4DF5-B3FA-6996F70DBE56}
		{60361D07-E4FB-436A-8B73-56976F7E0EEA} = {AB6822AE-A9B1-4DF5-B3FA-6996F70DBE56}
	EndGlobalSection
EndGlobal
